# THIS IS AN AUTOGENERATED FILE. DO NOT EDIT THIS FILE DIRECTLY.
# yarn lockfile v1


"@babel/code-frame@^7.10.4":
  version "7.16.0"
  resolved "https://registry.yarnpkg.com/@babel/code-frame/-/code-frame-7.16.0.tgz#0dfc80309beec8411e65e706461c408b0bb9b431"
  integrity sha512-IF4EOMEV+bfYwOmNxGzSnjR2EmQod7f1UXOpZM3l4i4o4QNwzjtJAu/HxdjHq0aYBvdqMuQEY1eg0nqW9ZPORA==
  dependencies:
    "@babel/highlight" "^7.16.0"

"@babel/helper-validator-identifier@^7.15.7":
  version "7.15.7"
  resolved "https://registry.yarnpkg.com/@babel/helper-validator-identifier/-/helper-validator-identifier-7.15.7.tgz#220df993bfe904a4a6b02ab4f3385a5ebf6e2389"
  integrity sha512-K4JvCtQqad9OY2+yTU8w+E82ywk/fe+ELNlt1G8z3bVGlZfn/hOcQQsUhGhW/N+tb3fxK800wLtKOE/aM0m72w==

"@babel/highlight@^7.16.0":
  version "7.16.0"
  resolved "https://registry.yarnpkg.com/@babel/highlight/-/highlight-7.16.0.tgz#6ceb32b2ca4b8f5f361fb7fd821e3fddf4a1725a"
  integrity sha512-t8MH41kUQylBtu2+4IQA3atqevA2lRgqA2wyVB/YiWmsDSuylZZuXOUy9ric30hfzauEFfdsuk/eXTRrGrfd0g==
  dependencies:
    "@babel/helper-validator-identifier" "^7.15.7"
    chalk "^2.0.0"
    js-tokens "^4.0.0"

"@babel/runtime@^7.12.5", "@babel/runtime@^7.15.4", "@babel/runtime@^7.9.2":
  version "7.16.3"
  resolved "https://registry.yarnpkg.com/@babel/runtime/-/runtime-7.16.3.tgz#b86f0db02a04187a3c17caa77de69840165d42d5"
  integrity sha512-WBwekcqacdY2e9AF/Q7WLFUWmdJGJTkbjqTjoMDgXkVZ3ZRUvOPsLb5KdwISoQVsbP+DQzVZW4Zhci0DvpbNTQ==
  dependencies:
    regenerator-runtime "^0.13.4"

"@jest/types@^27.4.2":
  version "27.4.2"
  resolved "https://registry.yarnpkg.com/@jest/types/-/types-27.4.2.tgz#96536ebd34da6392c2b7c7737d693885b5dd44a5"
  integrity sha512-j35yw0PMTPpZsUoOBiuHzr1zTYoad1cVIE0ajEjcrJONxxrko/IRGKkXx3os0Nsi4Hu3+5VmDbVfq5WhG/pWAg==
  dependencies:
    "@types/istanbul-lib-coverage" "^2.0.0"
    "@types/istanbul-reports" "^3.0.0"
    "@types/node" "*"
    "@types/yargs" "^16.0.0"
    chalk "^4.0.0"

"@testing-library/dom@^8.0.0", "@testing-library/dom@^8.11.1":
  version "8.11.1"
  resolved "https://registry.yarnpkg.com/@testing-library/dom/-/dom-8.11.1.tgz#03fa2684aa09ade589b460db46b4c7be9fc69753"
  integrity sha512-3KQDyx9r0RKYailW2MiYrSSKEfH0GTkI51UGEvJenvcoDoeRYs0PZpi2SXqtnMClQvCqdtTTpOfFETDTVADpAg==
  dependencies:
    "@babel/code-frame" "^7.10.4"
    "@babel/runtime" "^7.12.5"
    "@types/aria-query" "^4.2.0"
    aria-query "^5.0.0"
    chalk "^4.1.0"
    dom-accessibility-api "^0.5.9"
    lz-string "^1.4.4"
    pretty-format "^27.0.2"

"@testing-library/jest-dom@^5.14.1":
  version "5.16.1"
  resolved "https://registry.yarnpkg.com/@testing-library/jest-dom/-/jest-dom-5.16.1.tgz#3db7df5ae97596264a7da9696fe14695ba02e51f"
  integrity sha512-ajUJdfDIuTCadB79ukO+0l8O+QwN0LiSxDaYUTI4LndbbUsGi6rWU1SCexXzBA2NSjlVB9/vbkasQIL3tmPBjw==
  dependencies:
    "@babel/runtime" "^7.9.2"
    "@types/testing-library__jest-dom" "^5.9.1"
    aria-query "^5.0.0"
    chalk "^3.0.0"
    css "^3.0.0"
    css.escape "^1.5.1"
    dom-accessibility-api "^0.5.6"
    lodash "^4.17.15"
    redent "^3.0.0"

"@testing-library/react@^12.0.0":
  version "12.1.2"
  resolved "https://registry.yarnpkg.com/@testing-library/react/-/react-12.1.2.tgz#f1bc9a45943461fa2a598bb4597df1ae044cfc76"
  integrity sha512-ihQiEOklNyHIpo2Y8FREkyD1QAea054U0MVbwH1m8N9TxeFz+KoJ9LkqoKqJlzx2JDm56DVwaJ1r36JYxZM05g==
  dependencies:
    "@babel/runtime" "^7.12.5"
    "@testing-library/dom" "^8.0.0"

"@testing-library/user-event@^13.5.0":
  version "13.5.0"
  resolved "https://registry.yarnpkg.com/@testing-library/user-event/-/user-event-13.5.0.tgz#69d77007f1e124d55314a2b73fd204b333b13295"
  integrity sha512-5Kwtbo3Y/NowpkbRuSepbyMFkZmHgD+vPzYB/RJ4oxt5Gj/avFFBYjhw27cqSVPVw/3a67NK1PbiIr9k4Gwmdg==
  dependencies:
    "@babel/runtime" "^7.12.5"

"@types/aria-query@^4.2.0":
  version "4.2.2"
  resolved "https://registry.yarnpkg.com/@types/aria-query/-/aria-query-4.2.2.tgz#ed4e0ad92306a704f9fb132a0cfcf77486dbe2bc"
  integrity sha512-HnYpAE1Y6kRyKM/XkEuiRQhTHvkzMBurTHnpFLYLBGPIylZNPs9jJcuOOYWxPLJCSEtmZT0Y8rHDokKN7rRTig==

"@types/hoist-non-react-statics@^3.3.0":
  version "3.3.1"
  resolved "https://registry.yarnpkg.com/@types/hoist-non-react-statics/-/hoist-non-react-statics-3.3.1.tgz#1124aafe5118cb591977aeb1ceaaed1070eb039f"
  integrity sha512-iMIqiko6ooLrTh1joXodJK5X9xeEALT1kM5G3ZLhD3hszxBdIEd5C75U834D9mLcINgD4OyZf5uQXjkuYydWvA==
  dependencies:
    "@types/react" "*"
    hoist-non-react-statics "^3.3.0"

"@types/istanbul-lib-coverage@*", "@types/istanbul-lib-coverage@^2.0.0":
  version "2.0.3"
  resolved "https://registry.yarnpkg.com/@types/istanbul-lib-coverage/-/istanbul-lib-coverage-2.0.3.tgz#4ba8ddb720221f432e443bd5f9117fd22cfd4762"
  integrity sha512-sz7iLqvVUg1gIedBOvlkxPlc8/uVzyS5OwGz1cKjXzkl3FpL3al0crU8YGU1WoHkxn0Wxbw5tyi6hvzJKNzFsw==

"@types/istanbul-lib-report@*":
  version "3.0.0"
  resolved "https://registry.yarnpkg.com/@types/istanbul-lib-report/-/istanbul-lib-report-3.0.0.tgz#c14c24f18ea8190c118ee7562b7ff99a36552686"
  integrity sha512-plGgXAPfVKFoYfa9NpYDAkseG+g6Jr294RqeqcqDixSbU34MZVJRi/P+7Y8GDpzkEwLaGZZOpKIEmeVZNtKsrg==
  dependencies:
    "@types/istanbul-lib-coverage" "*"

"@types/istanbul-reports@^3.0.0":
  version "3.0.1"
  resolved "https://registry.yarnpkg.com/@types/istanbul-reports/-/istanbul-reports-3.0.1.tgz#9153fe98bba2bd565a63add9436d6f0d7f8468ff"
  integrity sha512-c3mAZEuK0lvBp8tmuL74XRKn1+y2dcwOUpH7x4WrF6gk1GIgiluDRgMYQtw2OFcBvAJWlt6ASU3tSqxp0Uu0Aw==
  dependencies:
    "@types/istanbul-lib-report" "*"

"@types/jest@*":
  version "27.0.3"
  resolved "https://registry.yarnpkg.com/@types/jest/-/jest-27.0.3.tgz#0cf9dfe9009e467f70a342f0f94ead19842a783a"
  integrity sha512-cmmwv9t7gBYt7hNKH5Spu7Kuu/DotGa+Ff+JGRKZ4db5eh8PnKS4LuebJ3YLUoyOyIHraTGyULn23YtEAm0VSg==
  dependencies:
    jest-diff "^27.0.0"
    pretty-format "^27.0.0"

"@types/node@*":
  version "16.11.12"
  resolved "https://registry.yarnpkg.com/@types/node/-/node-16.11.12.tgz#ac7fb693ac587ee182c3780c26eb65546a1a3c10"
  integrity sha512-+2Iggwg7PxoO5Kyhvsq9VarmPbIelXP070HMImEpbtGCoyWNINQj4wzjbQCXzdHTRXnqufutJb5KAURZANNBAw==

"@types/prop-types@*":
  version "15.7.4"
  resolved "https://registry.yarnpkg.com/@types/prop-types/-/prop-types-15.7.4.tgz#fcf7205c25dff795ee79af1e30da2c9790808f11"
  integrity sha512-rZ5drC/jWjrArrS8BR6SIr4cWpW09RNTYt9AMZo3Jwwif+iacXAqgVjm0B0Bv/S1jhDXKHqRVNCbACkJ89RAnQ==

"@types/react-redux@^7.1.20":
  version "7.1.20"
  resolved "https://registry.yarnpkg.com/@types/react-redux/-/react-redux-7.1.20.tgz#42f0e61ababb621e12c66c96dda94c58423bd7df"
  integrity sha512-q42es4c8iIeTgcnB+yJgRTTzftv3eYYvCZOh1Ckn2eX/3o5TdsQYKUWpLoLuGlcY/p+VAhV9IOEZJcWk/vfkXw==
  dependencies:
    "@types/hoist-non-react-statics" "^3.3.0"
    "@types/react" "*"
    hoist-non-react-statics "^3.3.0"
    redux "^4.0.0"

"@types/react@*":
  version "17.0.37"
  resolved "https://registry.yarnpkg.com/@types/react/-/react-17.0.37.tgz#6884d0aa402605935c397ae689deed115caad959"
  integrity sha512-2FS1oTqBGcH/s0E+CjrCCR9+JMpsu9b69RTFO+40ua43ZqP5MmQ4iUde/dMjWR909KxZwmOQIFq6AV6NjEG5xg==
  dependencies:
    "@types/prop-types" "*"
    "@types/scheduler" "*"
    csstype "^3.0.2"

"@types/scheduler@*":
  version "0.16.2"
  resolved "https://registry.yarnpkg.com/@types/scheduler/-/scheduler-0.16.2.tgz#1a62f89525723dde24ba1b01b092bf5df8ad4d39"
  integrity sha512-hppQEBDmlwhFAXKJX2KnWLYu5yMfi91yazPb2l+lbJiwW+wdo1gNeRA+3RgNSO39WYX2euey41KEwnqesU2Jew==

"@types/testing-library__jest-dom@^5.9.1":
  version "5.14.2"
  resolved "https://registry.yarnpkg.com/@types/testing-library__jest-dom/-/testing-library__jest-dom-5.14.2.tgz#564fb2b2dc827147e937a75b639a05d17ce18b44"
  integrity sha512-vehbtyHUShPxIa9SioxDwCvgxukDMH//icJG90sXQBUm5lJOHLT5kNeU9tnivhnA/TkOFMzGIXN2cTc4hY8/kg==
  dependencies:
    "@types/jest" "*"

"@types/yargs-parser@*":
  version "20.2.1"
  resolved "https://registry.yarnpkg.com/@types/yargs-parser/-/yargs-parser-20.2.1.tgz#3b9ce2489919d9e4fea439b76916abc34b2df129"
  integrity sha512-7tFImggNeNBVMsn0vLrpn1H1uPrUBdnARPTpZoitY37ZrdJREzf7I16tMrlK3hen349gr1NYh8CmZQa7CTG6Aw==

"@types/yargs@^16.0.0":
  version "16.0.4"
  resolved "https://registry.yarnpkg.com/@types/yargs/-/yargs-16.0.4.tgz#26aad98dd2c2a38e421086ea9ad42b9e51642977"
  integrity sha512-T8Yc9wt/5LbJyCaLiHPReJa0kApcIgJ7Bn735GjItUfh08Z1pJvu8QZqb9s+mMvKV6WUQRV7K2R46YbjMXTTJw==
  dependencies:
    "@types/yargs-parser" "*"

ansi-regex@^5.0.1:
  version "5.0.1"
  resolved "https://registry.yarnpkg.com/ansi-regex/-/ansi-regex-5.0.1.tgz#082cb2c89c9fe8659a311a53bd6a4dc5301db304"
  integrity sha512-quJQXlTSUGL2LH9SUXo8VwsY4soanhgo6LNSm84E1LBcE8s3O0wpdiRzyR9z/ZZJMlMWv37qOOb9pdJlMUEKFQ==

ansi-styles@^3.2.1:
  version "3.2.1"
  resolved "https://registry.yarnpkg.com/ansi-styles/-/ansi-styles-3.2.1.tgz#41fbb20243e50b12be0f04b8dedbf07520ce841d"
  integrity sha512-VT0ZI6kZRdTh8YyJw3SMbYm/u+NqfsAxEpWO0Pf9sq8/e94WxxOpPKx9FR1FlyCtOVDNOQ+8ntlqFxiRc+r5qA==
  dependencies:
    color-convert "^1.9.0"

ansi-styles@^4.1.0:
  version "4.3.0"
  resolved "https://registry.yarnpkg.com/ansi-styles/-/ansi-styles-4.3.0.tgz#edd803628ae71c04c85ae7a0906edad34b648937"
  integrity sha512-zbB9rCJAT1rbjiVDb2hqKFHNYLxgtk8NURxZ3IZwD3F6NtxbXZQCnnSi1Lkx+IDohdPlFp222wVALIheZJQSEg==
  dependencies:
    color-convert "^2.0.1"

ansi-styles@^5.0.0:
  version "5.2.0"
  resolved "https://registry.yarnpkg.com/ansi-styles/-/ansi-styles-5.2.0.tgz#07449690ad45777d1924ac2abb2fc8895dba836b"
  integrity sha512-Cxwpt2SfTzTtXcfOlzGEee8O+c+MmUgGrNiBcXnuWxuFJHe6a5Hz7qwhwe5OgaSYI0IJvkLqWX1ASG+cJOkEiA==

aria-query@^5.0.0:
  version "5.0.0"
  resolved "https://registry.yarnpkg.com/aria-query/-/aria-query-5.0.0.tgz#210c21aaf469613ee8c9a62c7f86525e058db52c"
  integrity sha512-V+SM7AbUwJ+EBnB8+DXs0hPZHO0W6pqBcc0dW90OwtVG02PswOu/teuARoLQjdDOH+t9pJgGnW5/Qmouf3gPJg==

atob@^2.1.2:
  version "2.1.2"
  resolved "https://registry.yarnpkg.com/atob/-/atob-2.1.2.tgz#6d9517eb9e030d2436666651e86bd9f6f13533c9"
  integrity sha512-Wm6ukoaOGJi/73p/cl2GvLjTI5JM1k/O14isD73YML8StrH/7/lRFgmg8nICZgD3bZZvjwCGxtMOD3wWNAu8cg==

chalk@^2.0.0:
  version "2.4.2"
  resolved "https://registry.yarnpkg.com/chalk/-/chalk-2.4.2.tgz#cd42541677a54333cf541a49108c1432b44c9424"
  integrity sha512-Mti+f9lpJNcwF4tWV8/OrTTtF1gZi+f8FqlyAdouralcFWFQWF2+NgCHShjkCb+IFBLq9buZwE1xckQU4peSuQ==
  dependencies:
    ansi-styles "^3.2.1"
    escape-string-regexp "^1.0.5"
    supports-color "^5.3.0"

chalk@^3.0.0:
  version "3.0.0"
  resolved "https://registry.yarnpkg.com/chalk/-/chalk-3.0.0.tgz#3f73c2bf526591f574cc492c51e2456349f844e4"
  integrity sha512-4D3B6Wf41KOYRFdszmDqMCGq5VV/uMAB273JILmO+3jAlh8X4qDtdtgCR3fxtbLEMzSx22QdhnDcJvu2u1fVwg==
  dependencies:
    ansi-styles "^4.1.0"
    supports-color "^7.1.0"

chalk@^4.0.0, chalk@^4.1.0:
  version "4.1.2"
  resolved "https://registry.yarnpkg.com/chalk/-/chalk-4.1.2.tgz#aac4e2b7734a740867aeb16bf02aad556a1e7a01"
  integrity sha512-oKnbhFyRIXpUuez8iBMmyEa4nbj4IOQyuhc/wy9kY7/WVPcwIO9VA668Pu8RkO7+0G76SLROeyw9CpQ061i4mA==
  dependencies:
    ansi-styles "^4.1.0"
    supports-color "^7.1.0"

chord-mark-2-chordpro@^0.9.0:
  version "0.9.0"
  resolved "https://registry.yarnpkg.com/chord-mark-2-chordpro/-/chord-mark-2-chordpro-0.9.0.tgz#441f4f00295edf000ec8cce27b72948894a6cd9a"
  integrity sha512-tic+2davhtcV2Gsca6m+GW/I5F04L9KryG6S6zlS8NfM8/765sYK+YKbhYnOwJsZKLjmnb6uMMB0nZQ9st6dfw==
  dependencies:
    chord-mark "^0.9.0"
    core-js "^3.19.1"

chord-mark-converters@^0.10.0-beta.4:
  version "0.10.0-beta.5"
  resolved "https://registry.yarnpkg.com/chord-mark-converters/-/chord-mark-converters-0.10.0-beta.5.tgz#62155eb76afdb72455c30e3d8ea161bf59904804"
  integrity sha512-CLQk/hiy7Szs3XfTHc3bLFLXx29Q+ZS5cR51cWPmIjzK7ZEGT4wzfaIkSbHGtaAHQKLtGAP52lF/G8nX0uRtPQ==
  dependencies:
    chord-symbol "^2.1.0"

chord-mark-themes@^0.9.1:
  version "0.9.1"
  resolved "https://registry.yarnpkg.com/chord-mark-themes/-/chord-mark-themes-0.9.1.tgz#346b6386a7f84003649bed5752f0a2e3811addac"
  integrity sha512-NcP12GhPKte8nlSE8RDRsYIubnCwLxHCUuxqUtBm1ZzIMDoOSXoI8jvROdDOnyYqTaP4az0cZc1gRTmCDkhXIQ==
  dependencies:
    chord-mark "^0.9.0"

chord-mark@^0.10.0-beta.3:
  version "0.10.0-beta.5"
  resolved "https://registry.yarnpkg.com/chord-mark/-/chord-mark-0.10.0-beta.5.tgz#195d2ccfb318bdf333a9ecac53465864eedd6f0f"
  integrity sha512-bfYxFCjyufkL9kUQyhWNsDPfIOU7fvD0nnweB1qvV1tSy0yhd6j34pZ6WPCriTI+DcF5APeYMhNYuFVxM6M/dA==
  dependencies:
    chord-symbol "^2.1.0"
    core-js "^3.18.3"
    dompurify "^2.3.3"
    lodash "^4.17.21"

chord-mark@^0.9.0:
  version "0.9.0"
  resolved "https://registry.yarnpkg.com/chord-mark/-/chord-mark-0.9.0.tgz#c310943b4b9c7e309e34e32fbc0cd890f40e0d46"
  integrity sha512-q10HQ0sYqx0xFG40N6FxjQFXRSYWuOBPdLz+b9e8mfWGq+RChUBt5E3RvrH5ZzXEjWo62v8gajAy/e4qUyiS/g==
  dependencies:
    chord-symbol "^2.1.0"
    core-js "^3.18.3"
    dompurify "^2.3.3"
    lodash "^4.17.21"

chord-symbol@^2.1.0:
  version "2.1.0"
  resolved "https://registry.yarnpkg.com/chord-symbol/-/chord-symbol-2.1.0.tgz#076e6bd3e9bb1076a9d42f3152e50ad7fc2c7f9b"
  integrity sha512-0vUz0LNVNlXTlt4pht9Aw2H28+LIVZ7U7X3tXzFBf9xIbfExI0Y1D+Z7m1X63+Bp9Ne0bDzVBMrVD5cYpYq27g==
  dependencies:
    core-js "^3.8.2"
    lodash "^4.17.20"

chordsheetjs@^5.1.2:
  version "5.1.2"
  resolved "https://registry.yarnpkg.com/chordsheetjs/-/chordsheetjs-5.1.2.tgz#86a62faedce4ad2d703733aa8b6e0fabac725953"
  integrity sha512-S6easBjDLdI2VM7R4OO9FgH6b5xiXJ9JNMoZ5SjInvOU8h8vLnQzZO4w+MsKuLx1VKvSkSB8TAt1cbBZzLJbeA==
  dependencies:
    handlebars "^4.7.6"

color-convert@^1.9.0:
  version "1.9.3"
  resolved "https://registry.yarnpkg.com/color-convert/-/color-convert-1.9.3.tgz#bb71850690e1f136567de629d2d5471deda4c1e8"
  integrity sha512-QfAUtd+vFdAtFQcC8CCyYt1fYWxSqAiK2cSD6zDB8N3cpsEBAvRxp9zOGg6G/SHHJYAT88/az/IuDGALsNVbGg==
  dependencies:
    color-name "1.1.3"

color-convert@^2.0.1:
  version "2.0.1"
  resolved "https://registry.yarnpkg.com/color-convert/-/color-convert-2.0.1.tgz#72d3a68d598c9bdb3af2ad1e84f21d896abd4de3"
  integrity sha512-RRECPsj7iu/xb5oKYcsFHSppFNnsj/52OVTRKb4zP5onXwVF3zVmmToNcOfGC+CRDpfK/U584fMg38ZHCaElKQ==
  dependencies:
    color-name "~1.1.4"

color-name@1.1.3:
  version "1.1.3"
  resolved "https://registry.yarnpkg.com/color-name/-/color-name-1.1.3.tgz#a7d0558bd89c42f795dd42328f740831ca53bc25"
  integrity sha1-p9BVi9icQveV3UIyj3QIMcpTvCU=

color-name@~1.1.4:
  version "1.1.4"
  resolved "https://registry.yarnpkg.com/color-name/-/color-name-1.1.4.tgz#c2a09a87acbde69543de6f63fa3995c826c536a2"
  integrity sha512-dOy+3AuW3a2wNbZHIuMZpTcgjGuLU/uBL/ubcZF9OXbDo8ff4O8yVp5Bf0efS8uEoYo5q4Fx7dY9OgQGXgAsQA==

combine-section-reducers@^1.0.6:
  version "1.0.6"
  resolved "https://registry.yarnpkg.com/combine-section-reducers/-/combine-section-reducers-1.0.6.tgz#b2a4561b56c7f63725a578acc35b8f73ee994b1d"
  integrity sha512-dDt9xRuMQVkbLQsMQoaYC0cBBYob2VoHDjqMM8JHFfS6kI+Utc7e10Pwvj9Vr6AvyYJC9tNd77pFU49FKuk9HA==
  dependencies:
    is-valid-redux-reducer "^1.0.3"

core-js@^3.18.3, core-js@^3.8.2:
  version "3.20.1"
  resolved "https://registry.yarnpkg.com/core-js/-/core-js-3.20.1.tgz#eb1598047b7813572f1dc24b7c6a95528c99eef3"
  integrity sha512-btdpStYFQScnNVQ5slVcr858KP0YWYjV16eGJQw8Gg7CWtu/2qNvIM3qVRIR3n1pK2R9NNOrTevbvAYxajwEjg==

core-js@^3.19.1:
  version "3.19.3"
  resolved "https://registry.yarnpkg.com/core-js/-/core-js-3.19.3.tgz#6df8142a996337503019ff3235a7022d7cdf4559"
  integrity sha512-LeLBMgEGSsG7giquSzvgBrTS7V5UL6ks3eQlUSbN8dJStlLFiRzUm5iqsRyzUB8carhfKjkJ2vzKqE6z1Vga9g==

core-js@^3.20.0:
  version "3.20.0"
  resolved "https://registry.yarnpkg.com/core-js/-/core-js-3.20.0.tgz#1c5ac07986b8d15473ab192e45a2e115a4a95b79"
  integrity sha512-KjbKU7UEfg4YPpskMtMXPhUKn7m/1OdTHTVjy09ScR2LVaoUXe8Jh0UdvN2EKUR6iKTJph52SJP95mAB0MnVLQ==

css.escape@^1.5.1:
  version "1.5.1"
  resolved "https://registry.yarnpkg.com/css.escape/-/css.escape-1.5.1.tgz#42e27d4fa04ae32f931a4b4d4191fa9cddee97cb"
  integrity sha1-QuJ9T6BK4y+TGktNQZH6nN3ul8s=

css@^3.0.0:
  version "3.0.0"
  resolved "https://registry.yarnpkg.com/css/-/css-3.0.0.tgz#4447a4d58fdd03367c516ca9f64ae365cee4aa5d"
  integrity sha512-DG9pFfwOrzc+hawpmqX/dHYHJG+Bsdb0klhyi1sDneOgGOXy9wQIC8hzyVp1e4NRYDBdxcylvywPkkXCHAzTyQ==
  dependencies:
    inherits "^2.0.4"
    source-map "^0.6.1"
    source-map-resolve "^0.6.0"

csstype@^3.0.2:
  version "3.0.10"
  resolved "https://registry.yarnpkg.com/csstype/-/csstype-3.0.10.tgz#2ad3a7bed70f35b965707c092e5f30b327c290e5"
  integrity sha512-2u44ZG2OcNUO9HDp/Jl8C07x6pU/eTR3ncV91SiK3dhG9TWvRVsCoJw14Ckx5DgWkzGA3waZWO3d7pgqpUI/XA==

decode-uri-component@^0.2.0:
  version "0.2.0"
  resolved "https://registry.yarnpkg.com/decode-uri-component/-/decode-uri-component-0.2.0.tgz#eb3913333458775cb84cd1a1fae062106bb87545"
  integrity sha1-6zkTMzRYd1y4TNGh+uBiEGu4dUU=

diff-sequences@^27.4.0:
  version "27.4.0"
  resolved "https://registry.yarnpkg.com/diff-sequences/-/diff-sequences-27.4.0.tgz#d783920ad8d06ec718a060d00196dfef25b132a5"
  integrity sha512-YqiQzkrsmHMH5uuh8OdQFU9/ZpADnwzml8z0O5HvRNda+5UZsaX/xN+AAxfR2hWq1Y7HZnAzO9J5lJXOuDz2Ww==

dom-accessibility-api@^0.5.6, dom-accessibility-api@^0.5.9:
  version "0.5.10"
  resolved "https://registry.yarnpkg.com/dom-accessibility-api/-/dom-accessibility-api-0.5.10.tgz#caa6d08f60388d0bb4539dd75fe458a9a1d0014c"
  integrity sha512-Xu9mD0UjrJisTmv7lmVSDMagQcU9R5hwAbxsaAE/35XPnPLJobbuREfV/rraiSaEj/UOvgrzQs66zyTWTlyd+g==

dompurify@^2.2.9, dompurify@^2.3.3:
  version "2.3.4"
  resolved "https://registry.yarnpkg.com/dompurify/-/dompurify-2.3.4.tgz#1cf5cf0105ccb4debdf6db162525bd41e6ddacc6"
  integrity sha512-6BVcgOAVFXjI0JTjEvZy901Rghm+7fDQOrNIcxB4+gdhj6Kwp6T9VBhBY/AbagKHJocRkDYGd6wvI+p4/10xtQ==

escape-string-regexp@^1.0.5:
  version "1.0.5"
  resolved "https://registry.yarnpkg.com/escape-string-regexp/-/escape-string-regexp-1.0.5.tgz#1b61c0562190a8dff6ae3bb2cf0200ca130b86d4"
  integrity sha1-G2HAViGQqN/2rjuyzwIAyhMLhtQ=

file-saver@^2.0.5:
  version "2.0.5"
  resolved "https://registry.yarnpkg.com/file-saver/-/file-saver-2.0.5.tgz#d61cfe2ce059f414d899e9dd6d4107ee25670c38"
  integrity sha512-P9bmyZ3h/PRG+Nzga+rbdI4OEpNDzAVyy74uVO9ATgzLK6VtAsYybF/+TOCvrc0MO793d6+42lLyZTw7/ArVzA==

filesize@^8.0.6:
  version "8.0.6"
  resolved "https://registry.yarnpkg.com/filesize/-/filesize-8.0.6.tgz#5f0c27aa1b507fa7d9f72c912a774ca6a44111b1"
  integrity sha512-sHvRqTiwdmcuzqet7iVwsbwF6UrV3wIgDf2SHNdY1Hgl8PC45HZg/0xtdw6U2izIV4lccnrY9ftl6wZFNdjYMg==

handlebars@^4.7.6, handlebars@^4.7.7:
  version "4.7.7"
  resolved "https://registry.yarnpkg.com/handlebars/-/handlebars-4.7.7.tgz#9ce33416aad02dbd6c8fafa8240d5d98004945a1"
  integrity sha512-aAcXm5OAfE/8IXkcZvCepKU3VzW1/39Fb5ZuqMtgI/hT8X2YgoMvBY5dLhq/cpOvw7Lk1nK/UF71aLG/ZnVYRA==
  dependencies:
    minimist "^1.2.5"
    neo-async "^2.6.0"
    source-map "^0.6.1"
    wordwrap "^1.0.0"
  optionalDependencies:
    uglify-js "^3.1.4"

has-flag@^3.0.0:
  version "3.0.0"
  resolved "https://registry.yarnpkg.com/has-flag/-/has-flag-3.0.0.tgz#b5d454dc2199ae225699f3467e5a07f3b955bafd"
  integrity sha1-tdRU3CGZriJWmfNGfloH87lVuv0=

has-flag@^4.0.0:
  version "4.0.0"
  resolved "https://registry.yarnpkg.com/has-flag/-/has-flag-4.0.0.tgz#944771fd9c81c81265c4d6941860da06bb59479b"
  integrity sha512-EykJT/Q1KjTWctppgIAgfSO0tKVuZUjhgMr17kqTumMl6Afv3EISleU7qZUzoXDFTAHTDC4NOoG/ZxU3EvlMPQ==

hoist-non-react-statics@^3.3.0, hoist-non-react-statics@^3.3.2:
  version "3.3.2"
  resolved "https://registry.yarnpkg.com/hoist-non-react-statics/-/hoist-non-react-statics-3.3.2.tgz#ece0acaf71d62c2969c2ec59feff42a4b1a85b45"
  integrity sha512-/gGivxi8JPKWNm/W0jSmzcMPpfpPLc3dY/6GxhX2hQ9iGj3aDfklV4ET7NjKpSinLpJ5vafa9iiGIEZg10SfBw==
  dependencies:
    react-is "^16.7.0"

indent-string@^4.0.0:
  version "4.0.0"
  resolved "https://registry.yarnpkg.com/indent-string/-/indent-string-4.0.0.tgz#624f8f4497d619b2d9768531d58f4122854d7251"
  integrity sha512-EdDDZu4A2OyIK7Lr/2zG+w5jmbuk1DVBnEwREQvBzspBJkCEbRa8GxU1lghYcaGJCnRWibjDXlq779X1/y5xwg==

inherits@^2.0.4:
  version "2.0.4"
  resolved "https://registry.yarnpkg.com/inherits/-/inherits-2.0.4.tgz#0fa2c64f932917c3433a0ded55363aae37416b7c"
  integrity sha512-k/vGaX4/Yla3WzyMCvTQOXYeIHvqOKtnqBduzTHpzpQZzAskKMhZ2K+EnBiSM9zGSoIFeMpXKxa4dYeZIQqewQ==

is-valid-redux-reducer@^1.0.3:
  version "1.0.3"
  resolved "https://registry.yarnpkg.com/is-valid-redux-reducer/-/is-valid-redux-reducer-1.0.3.tgz#22917e856b6fc16bd5865be2fa7f2fbe8bc209dc"
  integrity sha1-IpF+hWtvwWvVhlvi+n8vvovCCdw=

jest-diff@^27.0.0:
  version "27.4.2"
  resolved "https://registry.yarnpkg.com/jest-diff/-/jest-diff-27.4.2.tgz#786b2a5211d854f848e2dcc1e324448e9481f36f"
  integrity sha512-ujc9ToyUZDh9KcqvQDkk/gkbf6zSaeEg9AiBxtttXW59H/AcqEYp1ciXAtJp+jXWva5nAf/ePtSsgWwE5mqp4Q==
  dependencies:
    chalk "^4.0.0"
    diff-sequences "^27.4.0"
    jest-get-type "^27.4.0"
    pretty-format "^27.4.2"

jest-get-type@^27.4.0:
  version "27.4.0"
  resolved "https://registry.yarnpkg.com/jest-get-type/-/jest-get-type-27.4.0.tgz#7503d2663fffa431638337b3998d39c5e928e9b5"
  integrity sha512-tk9o+ld5TWq41DkK14L4wox4s2D9MtTpKaAVzXfr5CUKm5ZK2ExcaFE0qls2W71zE/6R2TxxrK9w2r6svAFDBQ==

"js-tokens@^3.0.0 || ^4.0.0", js-tokens@^4.0.0:
  version "4.0.0"
  resolved "https://registry.yarnpkg.com/js-tokens/-/js-tokens-4.0.0.tgz#19203fb59991df98e3a287050d4647cdeaf32499"
  integrity sha512-RdJUflcE3cUzKiMqQgsCu06FPu9UdIJO0beYbPhHN4k6apgJtifcoCtT9bcxOpYBtpD2kCM6Sbzg4CausW/PKQ==

lodash@^4.17.15, lodash@^4.17.20, lodash@^4.17.21:
  version "4.17.21"
  resolved "https://registry.yarnpkg.com/lodash/-/lodash-4.17.21.tgz#679591c564c3bffaae8454cf0b3df370c3d6911c"
  integrity sha512-v2kDEe57lecTulaDIuNTPy3Ry4gLGJ6Z1O3vE1krgXZNrsQ+LFTGHVxVjcXPs17LhbZVGedAJv8XZ1tvj5FvSg==

loose-envify@^1.1.0, loose-envify@^1.4.0:
  version "1.4.0"
  resolved "https://registry.yarnpkg.com/loose-envify/-/loose-envify-1.4.0.tgz#71ee51fa7be4caec1a63839f7e682d8132d30caf"
  integrity sha512-lyuxPGr/Wfhrlem2CL/UcnUc1zcqKAImBDzukY7Y5F/yQiNdko6+fRLevlw1HgMySw7f611UIY408EtxRSoK3Q==
  dependencies:
    js-tokens "^3.0.0 || ^4.0.0"

lz-string@^1.4.4:
  version "1.4.4"
  resolved "https://registry.yarnpkg.com/lz-string/-/lz-string-1.4.4.tgz#c0d8eaf36059f705796e1e344811cf4c498d3a26"
  integrity sha1-wNjq82BZ9wV5bh40SBHPTEmNOiY=

min-indent@^1.0.0:
  version "1.0.1"
  resolved "https://registry.yarnpkg.com/min-indent/-/min-indent-1.0.1.tgz#a63f681673b30571fbe8bc25686ae746eefa9869"
  integrity sha512-I9jwMn07Sy/IwOj3zVkVik2JTvgpaykDZEigL6Rx6N9LbMywwUSMtxET+7lVoDLLd3O3IXwJwvuuns8UB/HeAg==

minimist@^1.2.5:
  version "1.2.5"
  resolved "https://registry.yarnpkg.com/minimist/-/minimist-1.2.5.tgz#67d66014b66a6a8aaa0c083c5fd58df4e4e97602"
  integrity sha512-FM9nNUYrRBAELZQT3xeZQ7fmMOBg6nWNmJKTcgsJeaLstP/UODVpGsr5OhXhhXg6f+qtJ8uiZ+PUxkDWcgIXLw==

neo-async@^2.6.0:
  version "2.6.2"
  resolved "https://registry.yarnpkg.com/neo-async/-/neo-async-2.6.2.tgz#b4aafb93e3aeb2d8174ca53cf163ab7d7308305f"
  integrity sha512-Yd3UES5mWCSqR+qNT93S3UoYUkqAZ9lLg8a7g9rimsWmYGK8cVToA4/sF3RrshdyV3sAGMXVUmpMYOw+dLpOuw==

normalize.css@^8.0.1:
  version "8.0.1"
  resolved "https://registry.yarnpkg.com/normalize.css/-/normalize.css-8.0.1.tgz#9b98a208738b9cc2634caacbc42d131c97487bf3"
  integrity sha512-qizSNPO93t1YUuUhP22btGOo3chcvDFqFaj2TRybP0DMxkHOCTYwp3n34fel4a31ORXy4m1Xq0Gyqpb5m33qIg==

object-assign@^4.1.1:
  version "4.1.1"
  resolved "https://registry.yarnpkg.com/object-assign/-/object-assign-4.1.1.tgz#2109adc7965887cfc05cbbd442cac8bfbb360863"
  integrity sha1-IQmtx5ZYh8/AXLvUQsrIv7s2CGM=

orderedmap@^1.1.0:
  version "1.1.1"
  resolved "https://registry.yarnpkg.com/orderedmap/-/orderedmap-1.1.1.tgz#c618e77611b3b21d0fe3edc92586265e0059c789"
  integrity sha512-3Ux8um0zXbVacKUkcytc0u3HgC0b0bBLT+I60r2J/En72cI0nZffqrA7Xtf2Hqs27j1g82llR5Mhbd0Z1XW4AQ==

path-to-regexp@^6.2.0:
  version "6.2.0"
  resolved "https://registry.yarnpkg.com/path-to-regexp/-/path-to-regexp-6.2.0.tgz#f7b3803336104c346889adece614669230645f38"
  integrity sha512-f66KywYG6+43afgE/8j/GoiNyygk/bnoCbps++3ErRKsIYkGGupyv07R2Ok5m9i67Iqc+T2g1eAUGUPzWhYTyg==

pretty-format@^27.0.0, pretty-format@^27.0.2, pretty-format@^27.4.2:
  version "27.4.2"
  resolved "https://registry.yarnpkg.com/pretty-format/-/pretty-format-27.4.2.tgz#e4ce92ad66c3888423d332b40477c87d1dac1fb8"
  integrity sha512-p0wNtJ9oLuvgOQDEIZ9zQjZffK7KtyR6Si0jnXULIDwrlNF8Cuir3AZP0hHv0jmKuNN/edOnbMjnzd4uTcmWiw==
  dependencies:
    "@jest/types" "^27.4.2"
    ansi-regex "^5.0.1"
    ansi-styles "^5.0.0"
    react-is "^17.0.1"

prop-types@^15.7.2:
  version "15.7.2"
  resolved "https://registry.yarnpkg.com/prop-types/-/prop-types-15.7.2.tgz#52c41e75b8c87e72b9d9360e0206b99dcbffa6c5"
  integrity sha512-8QQikdH7//R2vurIJSutZ1smHYTcLpRWEOlHnzcWHmBYrOGUysKwSsrC89BCiFj3CbrfJ/nXFdJepOVrY1GCHQ==
  dependencies:
    loose-envify "^1.4.0"
    object-assign "^4.1.1"
    react-is "^16.8.1"

prosemirror-commands@^1.1.10:
  version "1.1.12"
  resolved "https://registry.yarnpkg.com/prosemirror-commands/-/prosemirror-commands-1.1.12.tgz#5cb0fef4e5a0039e2fa19b42a5626af03d7c2ec3"
  integrity sha512-+CrMs3w/ZVPSkR+REg8KL/clyFLv/1+SgY/OMN+CB22Z24j9TZDje72vL36lOZ/E4NeRXuiCcmENcW/vAcG67A==
  dependencies:
    prosemirror-model "^1.0.0"
    prosemirror-state "^1.0.0"
    prosemirror-transform "^1.0.0"

prosemirror-history@^1.1.3:
  version "1.2.0"
  resolved "https://registry.yarnpkg.com/prosemirror-history/-/prosemirror-history-1.2.0.tgz#04cc4df8d2f7b2a46651a2780de191ada6d465ea"
  integrity sha512-B9v9xtf4fYbKxQwIr+3wtTDNLDZcmMMmGiI3TAPShnUzvo+Rmv1GiUrsQChY1meetHl7rhML2cppF3FTs7f7UQ==
  dependencies:
    prosemirror-state "^1.2.2"
    prosemirror-transform "^1.0.0"
    rope-sequence "^1.3.0"

prosemirror-keymap@^1.1.4:
  version "1.1.5"
  resolved "https://registry.yarnpkg.com/prosemirror-keymap/-/prosemirror-keymap-1.1.5.tgz#b5984c7d30f5c75956c853126c54e9e624c0327b"
  integrity sha512-8SZgPH3K+GLsHL2wKuwBD9rxhsbnVBTwpHCO4VUO5GmqUQlxd/2GtBVWTsyLq4Dp3N9nGgPd3+lZFKUDuVp+Vw==
  dependencies:
    prosemirror-state "^1.0.0"
    w3c-keyname "^2.2.0"

prosemirror-model@^1.0.0, prosemirror-model@^1.14.2, prosemirror-model@^1.14.3, prosemirror-model@^1.2.0:
  version "1.15.0"
  resolved "https://registry.yarnpkg.com/prosemirror-model/-/prosemirror-model-1.15.0.tgz#23bc09098daa7c309dba90a76a1b989ce6f61405"
  integrity sha512-hQJv7SnIhlAy9ga3lhPPgaufhvCbQB9tHwscJ9E1H1pPHmN8w5V/lURueoYv9Kc3/bpNWoyHa8r3g//m7N0ChQ==
  dependencies:
    orderedmap "^1.1.0"

prosemirror-schema-basic@^1.1.2:
  version "1.1.2"
  resolved "https://registry.yarnpkg.com/prosemirror-schema-basic/-/prosemirror-schema-basic-1.1.2.tgz#4bde5c339c845e0d08ec8fe473064e372ca51ae3"
  integrity sha512-G4q8WflNsR1Q33QAV4MQO0xWrHLOJ+BQcKswGXMy626wlQj6c/1n1v4eC9ns+h2y1r/fJHZEgSZnsNhm9lbrDw==
  dependencies:
    prosemirror-model "^1.2.0"

prosemirror-state@^1.0.0, prosemirror-state@^1.2.2, prosemirror-state@^1.3.4:
  version "1.3.4"
  resolved "https://registry.yarnpkg.com/prosemirror-state/-/prosemirror-state-1.3.4.tgz#4c6b52628216e753fc901c6d2bfd84ce109e8952"
  integrity sha512-Xkkrpd1y/TQ6HKzN3agsQIGRcLckUMA9u3j207L04mt8ToRgpGeyhbVv0HI7omDORIBHjR29b7AwlATFFf2GLA==
  dependencies:
    prosemirror-model "^1.0.0"
    prosemirror-transform "^1.0.0"

prosemirror-transform@^1.0.0, prosemirror-transform@^1.1.0, prosemirror-transform@^1.2.12:
  version "1.3.3"
  resolved "https://registry.yarnpkg.com/prosemirror-transform/-/prosemirror-transform-1.3.3.tgz#5f6712b0577a119cc418686fe7588b6dd9b7464d"
  integrity sha512-9NLVXy1Sfa2G6qPqhWMkEvwQQMTw7OyTqOZbJaGQWsCeH3hH5Cw+c5eNaLM1Uu75EyKLsEZhJ93XpHJBa6RX8A==
  dependencies:
    prosemirror-model "^1.0.0"

prosemirror-view@^1.18.8:
  version "1.23.3"
  resolved "https://registry.yarnpkg.com/prosemirror-view/-/prosemirror-view-1.23.3.tgz#9ba85fefaf45e813c46562b694fc5f6f9a5cba9c"
  integrity sha512-89icyMdXXwxmTxYj0TIuG5M/d0iKeu79tr+PVtC/4qtCOoHrPSPrblJcFOuOWcxGlA/Ei8PqJB4g5HkKR8jWvQ==
  dependencies:
    prosemirror-model "^1.14.3"
    prosemirror-state "^1.0.0"
    prosemirror-transform "^1.1.0"

react-dom@^17.0.2:
  version "17.0.2"
  resolved "https://registry.yarnpkg.com/react-dom/-/react-dom-17.0.2.tgz#ecffb6845e3ad8dbfcdc498f0d0a939736502c23"
  integrity sha512-s4h96KtLDUQlsENhMn1ar8t2bEa+q/YAtj8pPPdIjPDGBDIVNsrD9aXNWqspUe6AzKCIG0C1HZZLqLV7qpOBGA==
  dependencies:
    loose-envify "^1.1.0"
    object-assign "^4.1.1"
    scheduler "^0.20.2"

react-is@^16.7.0, react-is@^16.8.1:
  version "16.13.1"
  resolved "https://registry.yarnpkg.com/react-is/-/react-is-16.13.1.tgz#789729a4dc36de2999dc156dd6c1d9c18cea56a4"
  integrity sha512-24e6ynE2H+OKt4kqsOvNd8kBpV65zoxbA4BVsEOB3ARVWQki/DHzaUoC5KuON/BiccDaCCTZBuOcfZs70kR8bQ==

react-is@^17.0.1, react-is@^17.0.2:
  version "17.0.2"
  resolved "https://registry.yarnpkg.com/react-is/-/react-is-17.0.2.tgz#e691d4a8e9c789365655539ab372762b0efb54f0"
  integrity sha512-w2GsyukL62IJnlaff/nRegPQR94C/XXamvMWmSHRJ4y7Ts/4ocGRmTHvOs8PSE6pB3dWOrD/nueuU5sduBsQ4w==

react-redux@^7.2.2:
  version "7.2.6"
  resolved "https://registry.yarnpkg.com/react-redux/-/react-redux-7.2.6.tgz#49633a24fe552b5f9caf58feb8a138936ddfe9aa"
  integrity sha512-10RPdsz0UUrRL1NZE0ejTkucnclYSgXp5q+tB5SWx2qeG2ZJQJyymgAhwKy73yiL/13btfB6fPr+rgbMAaZIAQ==
  dependencies:
    "@babel/runtime" "^7.15.4"
    "@types/react-redux" "^7.1.20"
    hoist-non-react-statics "^3.3.2"
    loose-envify "^1.4.0"
    prop-types "^15.7.2"
    react-is "^17.0.2"

react@^17.0.1:
  version "17.0.2"
  resolved "https://registry.yarnpkg.com/react/-/react-17.0.2.tgz#d0b5cc516d29eb3eee383f75b62864cfb6800037"
  integrity sha512-gnhPt75i/dq/z3/6q/0asP78D0u592D5L1pd7M8P+dck6Fu/jJeL6iVVK23fptSUZj8Vjf++7wXA8UNclGQcbA==
  dependencies:
    loose-envify "^1.1.0"
    object-assign "^4.1.1"

redent@^3.0.0:
  version "3.0.0"
  resolved "https://registry.yarnpkg.com/redent/-/redent-3.0.0.tgz#e557b7998316bb53c9f1f56fa626352c6963059f"
  integrity sha512-6tDA8g98We0zd0GvVeMT9arEOnTw9qM03L9cJXaCjrip1OO764RDBLBfrB4cwzNGDj5OA5ioymC9GkizgWJDUg==
  dependencies:
    indent-string "^4.0.0"
    strip-indent "^3.0.0"

redux-devtools-extension@^2.13.9:
  version "2.13.9"
  resolved "https://registry.yarnpkg.com/redux-devtools-extension/-/redux-devtools-extension-2.13.9.tgz#6b764e8028b507adcb75a1cae790f71e6be08ae7"
  integrity sha512-cNJ8Q/EtjhQaZ71c8I9+BPySIBVEKssbPpskBfsXqb8HJ002A3KRVHfeRzwRo6mGPqsm7XuHTqNSNeS1Khig0A==

redux-thunk@^2.4.0:
  version "2.4.1"
  resolved "https://registry.yarnpkg.com/redux-thunk/-/redux-thunk-2.4.1.tgz#0dd8042cf47868f4b29699941de03c9301a75714"
  integrity sha512-OOYGNY5Jy2TWvTL1KgAlVy6dcx3siPJ1wTq741EPyUKfn6W6nChdICjZwCd0p8AZBs5kWpZlbkXW2nE/zjUa+Q==

redux@^4.0.0, redux@^4.0.5:
  version "4.1.2"
  resolved "https://registry.yarnpkg.com/redux/-/redux-4.1.2.tgz#140f35426d99bb4729af760afcf79eaaac407104"
  integrity sha512-SH8PglcebESbd/shgf6mii6EIoRM0zrQyjcuQ+ojmfxjTtE0z9Y8pa62iA/OJ58qjP6j27uyW4kUF4jl/jd6sw==
  dependencies:
    "@babel/runtime" "^7.9.2"

regenerator-runtime@^0.13.4:
  version "0.13.9"
  resolved "https://registry.yarnpkg.com/regenerator-runtime/-/regenerator-runtime-0.13.9.tgz#8925742a98ffd90814988d7566ad30ca3b263b52"
  integrity sha512-p3VT+cOEgxFsRRA9X4lkI1E+k2/CtnKtU4gcxyaCUreilL/vqI6CdZ3wxVUx3UOUg+gnUOQQcRI7BmSI656MYA==

reselect@^4.0.0:
  version "4.1.5"
  resolved "https://registry.yarnpkg.com/reselect/-/reselect-4.1.5.tgz#852c361247198da6756d07d9296c2b51eddb79f6"
  integrity sha512-uVdlz8J7OO+ASpBYoz1Zypgx0KasCY20H+N8JD13oUMtPvSHQuscrHop4KbXrbsBcdB9Ds7lVK7eRkBIfO43vQ==

rope-sequence@^1.3.0:
  version "1.3.2"
  resolved "https://registry.yarnpkg.com/rope-sequence/-/rope-sequence-1.3.2.tgz#a19e02d72991ca71feb6b5f8a91154e48e3c098b"
  integrity sha512-ku6MFrwEVSVmXLvy3dYph3LAMNS0890K7fabn+0YIRQ2T96T9F4gkFf0vf0WW0JUraNWwGRtInEpH7yO4tbQZg==

scheduler@^0.20.2:
  version "0.20.2"
  resolved "https://registry.yarnpkg.com/scheduler/-/scheduler-0.20.2.tgz#4baee39436e34aa93b4874bddcbf0fe8b8b50e91"
  integrity sha512-2eWfGgAqqWFGqtdMmcL5zCMK1U8KlXv8SQFGglL3CEtd0aDVDWgeF/YoCmvln55m5zSk3J/20hTaSBeSObsQDQ==
  dependencies:
    loose-envify "^1.1.0"
    object-assign "^4.1.1"

scroll-sync-react@^1.2.0:
  version "1.2.0"
  resolved "https://registry.yarnpkg.com/scroll-sync-react/-/scroll-sync-react-1.2.0.tgz#9f9196e17bd3503a67945943ba5313c77e1d9d16"
  integrity sha512-nGWhT66gA2yzx/Xb4FfmDazZEM/P1bAcFc3pdR1ZF9sJtyrQckV3/6/0znARTjY10W+jz6ARBtnGGOXkqxVIHA==

source-map-resolve@^0.6.0:
  version "0.6.0"
  resolved "https://registry.yarnpkg.com/source-map-resolve/-/source-map-resolve-0.6.0.tgz#3d9df87e236b53f16d01e58150fc7711138e5ed2"
  integrity sha512-KXBr9d/fO/bWo97NXsPIAW1bFSBOuCnjbNTBMO7N59hsv5i9yzRDfcYwwt0l04+VqnKC+EwzvJZIP/qkuMgR/w==
  dependencies:
    atob "^2.1.2"
    decode-uri-component "^0.2.0"

source-map@^0.6.1:
  version "0.6.1"
  resolved "https://registry.yarnpkg.com/source-map/-/source-map-0.6.1.tgz#74722af32e9614e9c287a8d0bbde48b5e2f1a263"
  integrity sha512-UjgapumWlbMhkBgzT7Ykc5YXUT46F0iKu8SGXq0bcwP5dz/h0Plj6enJqjz1Zbq2l5WaqYnrVbwWOWMyF3F47g==

strip-indent@^3.0.0:
  version "3.0.0"
  resolved "https://registry.yarnpkg.com/strip-indent/-/strip-indent-3.0.0.tgz#c32e1cee940b6b3432c771bc2c54bcce73cd3001"
  integrity sha512-laJTa3Jb+VQpaC6DseHhF7dXVqHTfJPCRDaEbid/drOhgitgYku/letMUqOXFoWV0zIIUbjpdH2t+tYj4bQMRQ==
  dependencies:
    min-indent "^1.0.0"

supports-color@^5.3.0:
  version "5.5.0"
  resolved "https://registry.yarnpkg.com/supports-color/-/supports-color-5.5.0.tgz#e2e69a44ac8772f78a1ec0b35b689df6530efc8f"
  integrity sha512-QjVjwdXIt408MIiAqCX4oUKsgU2EqAGzs2Ppkm4aQYbjm+ZEWEcW4SfFNTr4uMNZma0ey4f5lgLrkB0aX0QMow==
  dependencies:
    has-flag "^3.0.0"

supports-color@^7.1.0:
  version "7.2.0"
  resolved "https://registry.yarnpkg.com/supports-color/-/supports-color-7.2.0.tgz#1b7dcdcb32b8138801b3e478ba6a51caa89648da"
  integrity sha512-qpCAvRl9stuOHveKsn7HncJRvv501qIacKzQlO/+Lwxc9+0q2wLyv4Dfvt80/DPn2pqOBsJdDiogXGR9+OvwRw==
  dependencies:
    has-flag "^4.0.0"

uglify-js@^3.1.4:
  version "3.14.5"
  resolved "https://registry.yarnpkg.com/uglify-js/-/uglify-js-3.14.5.tgz#cdabb7d4954231d80cb4a927654c4655e51f4859"
  integrity sha512-qZukoSxOG0urUTvjc2ERMTcAy+BiFh3weWAkeurLwjrCba73poHmG3E36XEjd/JGukMzwTL7uCxZiAexj8ppvQ==

universal-router@^9.1.0:
  version "9.1.0"
  resolved "https://registry.yarnpkg.com/universal-router/-/universal-router-9.1.0.tgz#f3732ccdbf22e9c1a8620aeb0d704401b25c43ee"
  integrity sha512-lvD+R3Qb36Ld9suZuQW2hGJ1PfrRRxd568GM2thw/wByLurQUvqEOImE/lLjgeS5lhvcwuhc4vDt1JNO9q3S/g==
  dependencies:
    path-to-regexp "^6.2.0"

uuid@^8.3.2:
  version "8.3.2"
  resolved "https://registry.yarnpkg.com/uuid/-/uuid-8.3.2.tgz#80d5b5ced271bb9af6c445f21a1a04c606cefbe2"
  integrity sha512-+NYs2QeMWy+GWFOEm9xnn6HCDp0l7QBD7ml8zLUmJ+93Q5NF0NocErnwkTkXVFNiX3/fpC6afS8Dhb/gz7R7eg==

w3c-keyname@^2.2.0:
  version "2.2.4"
  resolved "https://registry.yarnpkg.com/w3c-keyname/-/w3c-keyname-2.2.4.tgz#4ade6916f6290224cdbd1db8ac49eab03d0eef6b"
  integrity sha512-tOhfEwEzFLJzf6d1ZPkYfGj+FWhIpBux9ppoP3rlclw3Z0BZv3N7b7030Z1kYth+6rDuAsXUFr+d0VE6Ed1ikw==

wordwrap@^1.0.0:
  version "1.0.0"
  resolved "https://registry.yarnpkg.com/wordwrap/-/wordwrap-1.0.0.tgz#27584810891456a4171c8d0226441ade90cbcaeb"
  integrity sha1-J1hIEIkUVqQXHI0CJkQa3pDLyus=
